<?xml version="1.0" encoding="UTF-8" standalone="yes" ?>
<CodeBlocks_project_file>
	<FileVersion major="1" minor="6" />
	<Project>
		<Option title="Turbo_Website" />
		<Option pch_mode="2" />
		<Option compiler="gcc" />
		<Build>
			<Target title="Debug">
				<Option output="bin/Debug/Turbo_Website" prefix_auto="1" extension_auto="1" />
				<Option object_output="obj/Debug/" />
				<Option type="1" />
				<Option compiler="gcc" />
				<Compiler>
					<Add option="-g" />
				</Compiler>
			</Target>
			<Target title="Release">
				<Option output="bin/Release/Turbo_Website" prefix_auto="1" extension_auto="1" />
				<Option object_output="obj/Release/" />
				<Option type="1" />
				<Option compiler="gcc" />
				<Compiler>
					<Add option="-O2" />
				</Compiler>
				<Linker>
					<Add option="-s" />
				</Linker>
			</Target>
		</Build>
		<Compiler>
			<Add option="-Wall" />
		</Compiler>
		<Unit filename="code/code_viewer.html">
			<Option target="&lt;{~None~}&gt;" />
		</Unit>
		<Unit filename="code/documentation.html" />
		<Unit filename="code/examples.html" />
		<Unit filename="code/faq.html" />
		<Unit filename="code/how_to.html" />
		<Unit filename="code/style_guide.html" />
		<Unit filename="contact/contact.html">
			<Option target="&lt;{~None~}&gt;" />
		</Unit>
		<Unit filename="forum/admin.html">
			<Option target="&lt;{~None~}&gt;" />
		</Unit>
		<Unit filename="forum/entry.html">
			<Option target="&lt;{~None~}&gt;" />
		</Unit>
		<Unit filename="forum/forum.html">
			<Option target="&lt;{~None~}&gt;" />
		</Unit>
		<Unit filename="forum/subsection.html" />
		<Unit filename="forum/topic.html">
			<Option target="&lt;{~None~}&gt;" />
		</Unit>
		<Unit filename="index.html">
			<Option target="&lt;{~None~}&gt;" />
		</Unit>
		<Unit filename="php/include/ini.php">
			<Option target="&lt;{~None~}&gt;" />
		</Unit>
		<Unit filename="php/include/lib/captcha/captcha.php" />
		<Unit filename="php/include/lib/chart/chart.php" />
		<Unit filename="php/include/lib/db/database.php" />
		<Unit filename="php/include/lib/db/default_forum.php">
			<Option target="&lt;{~None~}&gt;" />
		</Unit>
		<Unit filename="php/include/lib/dir/directory.php" />
		<Unit filename="php/include/lib/email/email.php" />
		<Unit filename="php/include/lib/html/html.php" />
		<Unit filename="php/include/lib/http/http.php">
			<Option target="&lt;{~None~}&gt;" />
		</Unit>
		<Unit filename="php/include/lib/parser/code_parser.php" />
		<Unit filename="php/include/lib/parser/wiki_parser.php" />
		<Unit filename="php/include/lib/session/session.php" />
		<Unit filename="php/include/lib/time/time.php" />
		<Unit filename="php/source/forum/forum.php" />
		<Unit filename="php/source/forum/manager.php">
			<Option target="&lt;{~None~}&gt;" />
		</Unit>
		<Unit filename="php/source/script/script_docu.php" />
		<Unit filename="php/source/script/script_forum.php">
			<Option target="&lt;{~None~}&gt;" />
		</Unit>
		<Unit filename="php/source/script/script_setup.php" />
		<Unit filename="script/script.js">
			<Option target="&lt;{~None~}&gt;" />
		</Unit>
		<Unit filename="script/script_docu.js">
			<Option target="&lt;{~None~}&gt;" />
		</Unit>
		<Unit filename="script/script_forum.js">
			<Option target="&lt;{~None~}&gt;" />
		</Unit>
		<Unit filename="style/style.css">
			<Option target="&lt;{~None~}&gt;" />
		</Unit>
		<Unit filename="style/style_code.css">
			<Option target="&lt;{~None~}&gt;" />
		</Unit>
		<Unit filename="style/style_docu.css">
			<Option target="&lt;{~None~}&gt;" />
		</Unit>
		<Unit filename="style/style_forum.css">
			<Option target="&lt;{~None~}&gt;" />
		</Unit>
		<Unit filename="style/style_forum_admin.css">
			<Option target="&lt;{~None~}&gt;" />
		</Unit>
		<Unit filename="style/style_guide.css">
			<Option target="&lt;{~None~}&gt;" />
		</Unit>
		<Extensions>
			<code_completion />
			<envvars />
			<debugger />
			<lib_finder disable_auto="1" />
		</Extensions>
	</Project>
</CodeBlocks_project_file>
