<?xml version="1.0" encoding="UTF-8" standalone="yes" ?>
<CodeBlocks_project_file>
	<FileVersion major="1" minor="6" />
	<Project>
		<Option title="Turbo" />
		<Option pch_mode="2" />
		<Option compiler="gcc" />
		<Build>
			<Target title="Debug">
				<Option output="bin/Debug/Turbo" prefix_auto="1" extension_auto="1" />
				<Option object_output="obj/Debug/" />
				<Option type="1" />
				<Option compiler="gcc" />
				<Compiler>
					<Add option="-g" />
				</Compiler>
			</Target>
			<Target title="Release">
				<Option output="bin/Release/Turbo" prefix_auto="1" extension_auto="1" />
				<Option object_output="obj/Release/" />
				<Option type="1" />
				<Option compiler="gcc" />
				<Compiler>
					<Add option="-O2" />
				</Compiler>
				<Linker>
					<Add option="-s" />
				</Linker>
			</Target>
		</Build>
		<Compiler>
			<Add option="-Wall" />
		</Compiler>
		<Unit filename="Turbo.Windows.make" />
		<Unit filename="include/Turbo.h">
			<Option target="&lt;{~None~}&gt;" />
		</Unit>
		<Unit filename="include/Turbo_constants.h">
			<Option target="&lt;{~None~}&gt;" />
		</Unit>
		<Unit filename="include/Turbo_main.h">
			<Option target="&lt;{~None~}&gt;" />
		</Unit>
		<Unit filename="include/Turbo_platform.h">
			<Option target="&lt;{~None~}&gt;" />
		</Unit>
		<Unit filename="include/audio/audio.h">
			<Option target="&lt;{~None~}&gt;" />
		</Unit>
		<Unit filename="include/event/event.h">
			<Option target="&lt;{~None~}&gt;" />
		</Unit>
		<Unit filename="include/event/event_listener.h">
			<Option target="&lt;{~None~}&gt;" />
		</Unit>
		<Unit filename="include/extern/directory.h">
			<Option target="&lt;{~None~}&gt;" />
		</Unit>
		<Unit filename="include/extern/extern.h">
			<Option target="&lt;{~None~}&gt;" />
		</Unit>
		<Unit filename="include/extern/parser.h">
			<Option target="&lt;{~None~}&gt;" />
		</Unit>
		<Unit filename="include/extern/time.h">
			<Option target="&lt;{~None~}&gt;" />
		</Unit>
		<Unit filename="include/geometry/geometry.h">
			<Option target="&lt;{~None~}&gt;" />
		</Unit>
		<Unit filename="include/gui/gui.h">
			<Option target="&lt;{~None~}&gt;" />
		</Unit>
		<Unit filename="include/gui/gui_object.h">
			<Option target="&lt;{~None~}&gt;" />
		</Unit>
		<Unit filename="include/gui/gui_widget.h">
			<Option target="&lt;{~None~}&gt;" />
		</Unit>
		<Unit filename="include/script/Turbo_script.h" />
		<Unit filename="include/system/system.h">
			<Option target="&lt;{~None~}&gt;" />
		</Unit>
		<Unit filename="include/turbo/application.h">
			<Option target="&lt;{~None~}&gt;" />
		</Unit>
		<Unit filename="include/utils/comparator.h">
			<Option target="&lt;{~None~}&gt;" />
		</Unit>
		<Unit filename="include/utils/log.h">
			<Option target="&lt;{~None~}&gt;" />
		</Unit>
		<Unit filename="include/utils/utils.h">
			<Option target="&lt;{~None~}&gt;" />
		</Unit>
		<Unit filename="source/audio/audio.cpp">
			<Option target="&lt;{~None~}&gt;" />
		</Unit>
		<Unit filename="source/event/event_listener.cpp">
			<Option target="&lt;{~None~}&gt;" />
		</Unit>
		<Unit filename="source/extern/directory.cpp">
			<Option target="&lt;{~None~}&gt;" />
		</Unit>
		<Unit filename="source/extern/extern.cpp">
			<Option target="&lt;{~None~}&gt;" />
		</Unit>
		<Unit filename="source/extern/parser.cpp">
			<Option target="&lt;{~None~}&gt;" />
		</Unit>
		<Unit filename="source/extern/time.cpp">
			<Option target="&lt;{~None~}&gt;" />
		</Unit>
		<Unit filename="source/geometry/geometry.cpp">
			<Option target="&lt;{~None~}&gt;" />
		</Unit>
		<Unit filename="source/gui/gui.cpp">
			<Option target="&lt;{~None~}&gt;" />
		</Unit>
		<Unit filename="source/gui/gui_object.cpp">
			<Option target="&lt;{~None~}&gt;" />
		</Unit>
		<Unit filename="source/gui/gui_widget.cpp">
			<Option target="&lt;{~None~}&gt;" />
		</Unit>
		<Unit filename="source/main.cpp">
			<Option target="&lt;{~None~}&gt;" />
		</Unit>
		<Unit filename="source/script/Turbo_script.cpp">
			<Option target="&lt;{~None~}&gt;" />
		</Unit>
		<Unit filename="source/system/system.cpp">
			<Option target="&lt;{~None~}&gt;" />
		</Unit>
		<Unit filename="source/turbo/application.cpp">
			<Option target="&lt;{~None~}&gt;" />
		</Unit>
		<Unit filename="source/utils/log.cpp">
			<Option target="&lt;{~None~}&gt;" />
		</Unit>
		<Extensions>
			<code_completion />
			<envvars />
			<debugger />
			<lib_finder disable_auto="1" />
			<DoxyBlocks>
				<comment_style block="0" line="0" />
				<doxyfile_project />
				<doxyfile_build />
				<doxyfile_warnings />
				<doxyfile_output />
				<doxyfile_dot />
				<general use_at_in_tags="1" />
			</DoxyBlocks>
		</Extensions>
	</Project>
</CodeBlocks_project_file>
